# generated by rye
# use `rye lock` or `rye sync` to update this lockfile
#
# last locked with the following flags:
#   pre: false
#   features: []
#   all-features: false
#   with-sources: false

-e file:.
annotated-types==0.6.0
    # via pydantic
beautifulsoup4==4.12.3
    # via rss-feeds-scraper
feedparser==6.0.11
    # via rss-feeds-scraper
pydantic==2.6.4
    # via rss-feeds-scraper
pydantic-core==2.16.3
    # via pydantic
python-dateutil==2.9.0.post0
    # via rss-feeds-scraper
sgmllib3k==1.0.0
    # via feedparser
six==1.16.0
    # via python-dateutil
soupsieve==2.5
    # via beautifulsoup4
typing-extensions==4.10.0
    # via pydantic
    # via pydantic-core
